
Microsoft Visual Studio Solution File, Format Version 12.00
# Visual Studio 15
VisualStudioVersion = 15.0.28307.1585
MinimumVisualStudioVersion = 10.0.40219.1
Project("{FAE04EC0-301F-11D3-BF4B-00C04F79EFBC}") = "AuthWebApp", "AuthWebApp\AuthWebApp.csproj", "{F3643A21-7C67-4D0F-A743-2F67612DD1E6}"
EndProject
Global
	GlobalSection(SolutionConfigurationPlatforms) = preSolution
		Debug|Any CPU = Debug|Any CPU
		Release|Any CPU = Release|Any CPU
	EndGlobalSection
	GlobalSection(ProjectConfigurationPlatforms) = postSolution
		{F3643A21-7C67-4D0F-A743-2F67612DD1E6}.Debug|Any CPU.ActiveCfg = Debug|Any CPU
		{F3643A21-7C67-4D0F-A743-2F67612DD1E6}.Debug|Any CPU.Build.0 = Debug|Any CPU
		{F3643A21-7C67-4D0F-A743-2F67612DD1E6}.Release|Any CPU.ActiveCfg = Release|Any CPU
		{F3643A21-7C67-4D0F-A743-2F67612DD1E6}.Release|Any CPU.Build.0 = Release|Any CPU
	EndGlobalSection
	GlobalSection(SolutionProperties) = preSolution
		HideSolutionNode = FALSE
	EndGlobalSection
	GlobalSection(ExtensibilityGlobals) = postSolution
		SolutionGuid = {F15CCF2A-A5F2-426B-957D-EB933DF8636E}
	EndGlobalSection
EndGlobal
